Microsoft Visual Studio Solution File, Format Version 12.00
# Visual Studio 14
VisualStudioVersion = 14.0.25420.1
MinimumVisualStudioVersion = 10.0.40219.1
Project("{FAE04EC0-301F-11D3-BF4B-00C04F79EFBC}") = "libUtil", "libUtil\libUtil.csproj", "{53304D97-4E97-4483-8C7A-7FF16160DC67}"
EndProject
Project("{8BC9CEB8-8B4A-11D0-8D11-00A0C91BC942}") = "libHDF4", "libHDF4\libHDF4.vcxproj", "{6EB9950A-B9E2-4FF5-AB69-DA21D5E0C73E}"
EndProject
Project("{FAE04EC0-301F-11D3-BF4B-00C04F79EFBC}") = "Image_Virtual_Model", "Image_Virtual_Model\Image_Virtual_Model.csproj", "{13FD614A-02D8-4596-B188-F7BD3660C73C}"
EndProject
Project("{FAE04EC0-301F-11D3-BF4B-00C04F79EFBC}") = "Image_Interface", "Image_Interface\Image_Interface.csproj", "{7EC6F7D3-2E04-4402-B835-AB906D42473E}"
EndProject
Project("{FAE04EC0-301F-11D3-BF4B-00C04F79EFBC}") = "Image_Control_ViewModel", "Image_Control_ViewModel\Image_Control_ViewModel.csproj", "{B386324F-D53F-4337-86C6-9766D8F57715}"
EndProject
Project("{FAE04EC0-301F-11D3-BF4B-00C04F79EFBC}") = "ModuleMessages", "ModuleMessages\ModuleMessages.csproj", "{FB0FCAD4-A223-49C8-B9D7-67646780572C}"
EndProject
Project("{FAE04EC0-301F-11D3-BF4B-00C04F79EFBC}") = "Image_Control_View", "Image_Control_View\Image_Control_View.csproj", "{CF92BED2-DCE6-482F-BD40-5FFA731BBA79}"
EndProject
Project("{FAE04EC0-301F-11D3-BF4B-00C04F79EFBC}") = "lib_ZoomPanControl", "libZoomPanControl\lib_ZoomPanControl.csproj", "{468ADEDE-6F5E-40C0-99C9-C6DAC4FAC934}"
EndProject
Project("{FAE04EC0-301F-11D3-BF4B-00C04F79EFBC}") = "Wpf_Library", "Wpf_Library\Wpf_Library.csproj", "{D3770977-4EE2-4DD6-B5C6-DFA8B92BAC12}"
EndProject
Project("{FAE04EC0-301F-11D3-BF4B-00C04F79EFBC}") = "Image_ViewModel", "Image_ViewModel\Image_ViewModel.csproj", "{A7207963-1F6E-481A-B3EC-B52BC039B262}"
EndProject
Project("{FAE04EC0-301F-11D3-BF4B-00C04F79EFBC}") = "Main_IWindow", "Main_IWindow\Main_IWindow.csproj", "{6F5BC482-3EF4-48C8-A084-9AA6A65D8D67}"
EndProject
Project("{FAE04EC0-301F-11D3-BF4B-00C04F79EFBC}") = "Image_View", "Image_View\Image_View.csproj", "{82558A98-D42F-4CDB-B443-D95CDC0849A8}"
EndProject
Project("{FAE04EC0-301F-11D3-BF4B-00C04F79EFBC}") = "ViewModel_Base", "ViewModel_Base\ViewModel_Base.csproj", "{CCCB57C9-5383-42E0-B570-DEB149071B11}"
EndProject
Project("{FAE04EC0-301F-11D3-BF4B-00C04F79EFBC}") = "Main_ViewModel", "Main_ViewModel\Main_ViewModel.csproj", "{D9B1CB9E-254B-4872-9EF3-28BB93F187D7}"
EndProject
Project("{FAE04EC0-301F-11D3-BF4B-00C04F79EFBC}") = "MainDriver", "MainDriver\MainDriver.csproj", "{B2A76CD0-7485-48BC-AC6C-0E3CE9CEB13B}"
	ProjectSection(ProjectDependencies) = postProject
		{82558A98-D42F-4CDB-B443-D95CDC0849A8} = {82558A98-D42F-4CDB-B443-D95CDC0849A8}
	EndProjectSection
EndProject
Project("{930C7802-8A8C-48F9-8165-68863BCCD9DD}") = "ImageProcessing__Installer", "ImageProcessing__Installer\ImageProcessing__Installer.wixproj", "{FA60E78F-6795-4A2F-8617-4AA116A796DC}"
	ProjectSection(ProjectDependencies) = postProject
		{B2A76CD0-7485-48BC-AC6C-0E3CE9CEB13B} = {B2A76CD0-7485-48BC-AC6C-0E3CE9CEB13B}
	EndProjectSection
EndProject
Project("{FAE04EC0-301F-11D3-BF4B-00C04F79EFBC}") = "Image_Jupiter_Model", "Image_Jupiter_Model\Image_Jupiter_Model.csproj", "{33BAE679-6404-4AD8-8BCD-88EC960785A5}"
EndProject
Project("{FAE04EC0-301F-11D3-BF4B-00C04F79EFBC}") = "Image_Fractal_Model", "Image_Fractal_Model\Image_Fractal_Model.csproj", "{8C4678E3-37BC-4365-B50E-12E08CCCBC0F}"
EndProject
Global
	GlobalSection(SolutionConfigurationPlatforms) = preSolution
		Debug|Any CPU = Debug|Any CPU
		Debug|ARM = Debug|ARM
		Debug|x64 = Debug|x64
		Debug|x86 = Debug|x86
		Lle|Any CPU = Lle|Any CPU
		Lle|ARM = Lle|ARM
		Lle|x64 = Lle|x64
		Lle|x86 = Lle|x86
		Release|Any CPU = Release|Any CPU
		Release|ARM = Release|ARM
		Release|x64 = Release|x64
		Release|x86 = Release|x86
	EndGlobalSection
	GlobalSection(ProjectConfigurationPlatforms) = postSolution
		{53304D97-4E97-4483-8C7A-7FF16160DC67}.Debug|Any CPU.ActiveCfg = Debug|Any CPU
		{53304D97-4E97-4483-8C7A-7FF16160DC67}.Debug|Any CPU.Build.0 = Debug|Any CPU
		{53304D97-4E97-4483-8C7A-7FF16160DC67}.Debug|ARM.ActiveCfg = Debug|Any CPU
		{53304D97-4E97-4483-8C7A-7FF16160DC67}.Debug|ARM.Build.0 = Debug|Any CPU
		{53304D97-4E97-4483-8C7A-7FF16160DC67}.Debug|x64.ActiveCfg = Debug|Any CPU
		{53304D97-4E97-4483-8C7A-7FF16160DC67}.Debug|x64.Build.0 = Debug|Any CPU
		{53304D97-4E97-4483-8C7A-7FF16160DC67}.Debug|x86.ActiveCfg = Debug|Any CPU
		{53304D97-4E97-4483-8C7A-7FF16160DC67}.Debug|x86.Build.0 = Debug|Any CPU
		{53304D97-4E97-4483-8C7A-7FF16160DC67}.Lle|Any CPU.ActiveCfg = Release|Any CPU
		{53304D97-4E97-4483-8C7A-7FF16160DC67}.Lle|Any CPU.Build.0 = Release|Any CPU
		{53304D97-4E97-4483-8C7A-7FF16160DC67}.Lle|ARM.ActiveCfg = Release|Any CPU
		{53304D97-4E97-4483-8C7A-7FF16160DC67}.Lle|ARM.Build.0 = Release|Any CPU
		{53304D97-4E97-4483-8C7A-7FF16160DC67}.Lle|x64.ActiveCfg = Release|Any CPU
		{53304D97-4E97-4483-8C7A-7FF16160DC67}.Lle|x64.Build.0 = Release|Any CPU
		{53304D97-4E97-4483-8C7A-7FF16160DC67}.Lle|x86.ActiveCfg = Release|Any CPU
		{53304D97-4E97-4483-8C7A-7FF16160DC67}.Lle|x86.Build.0 = Release|Any CPU
		{53304D97-4E97-4483-8C7A-7FF16160DC67}.Release|Any CPU.ActiveCfg = Release|Any CPU
		{53304D97-4E97-4483-8C7A-7FF16160DC67}.Release|Any CPU.Build.0 = Release|Any CPU
		{53304D97-4E97-4483-8C7A-7FF16160DC67}.Release|ARM.ActiveCfg = Release|Any CPU
		{53304D97-4E97-4483-8C7A-7FF16160DC67}.Release|ARM.Build.0 = Release|Any CPU
		{53304D97-4E97-4483-8C7A-7FF16160DC67}.Release|x64.ActiveCfg = Release|Any CPU
		{53304D97-4E97-4483-8C7A-7FF16160DC67}.Release|x64.Build.0 = Release|Any CPU
		{53304D97-4E97-4483-8C7A-7FF16160DC67}.Release|x86.ActiveCfg = Release|Any CPU
		{53304D97-4E97-4483-8C7A-7FF16160DC67}.Release|x86.Build.0 = Release|Any CPU
		{6EB9950A-B9E2-4FF5-AB69-DA21D5E0C73E}.Debug|Any CPU.ActiveCfg = Debug|x64
		{6EB9950A-B9E2-4FF5-AB69-DA21D5E0C73E}.Debug|Any CPU.Build.0 = Debug|x64
		{6EB9950A-B9E2-4FF5-AB69-DA21D5E0C73E}.Debug|ARM.ActiveCfg = Debug|ARM
		{6EB9950A-B9E2-4FF5-AB69-DA21D5E0C73E}.Debug|ARM.Build.0 = Debug|ARM
		{6EB9950A-B9E2-4FF5-AB69-DA21D5E0C73E}.Debug|x64.ActiveCfg = Debug|x64
		{6EB9950A-B9E2-4FF5-AB69-DA21D5E0C73E}.Debug|x64.Build.0 = Debug|x64
		{6EB9950A-B9E2-4FF5-AB69-DA21D5E0C73E}.Debug|x86.ActiveCfg = Debug|Win32
		{6EB9950A-B9E2-4FF5-AB69-DA21D5E0C73E}.Debug|x86.Build.0 = Debug|Win32
		{6EB9950A-B9E2-4FF5-AB69-DA21D5E0C73E}.Lle|Any CPU.ActiveCfg = Release|x64
		{6EB9950A-B9E2-4FF5-AB69-DA21D5E0C73E}.Lle|Any CPU.Build.0 = Release|x64
		{6EB9950A-B9E2-4FF5-AB69-DA21D5E0C73E}.Lle|ARM.ActiveCfg = Release|ARM
		{6EB9950A-B9E2-4FF5-AB69-DA21D5E0C73E}.Lle|ARM.Build.0 = Release|ARM
		{6EB9950A-B9E2-4FF5-AB69-DA21D5E0C73E}.Lle|x64.ActiveCfg = Release|x64
		{6EB9950A-B9E2-4FF5-AB69-DA21D5E0C73E}.Lle|x64.Build.0 = Release|x64
		{6EB9950A-B9E2-4FF5-AB69-DA21D5E0C73E}.Lle|x86.ActiveCfg = Release|Win32
		{6EB9950A-B9E2-4FF5-AB69-DA21D5E0C73E}.Lle|x86.Build.0 = Release|Win32
		{6EB9950A-B9E2-4FF5-AB69-DA21D5E0C73E}.Release|Any CPU.ActiveCfg = Release|Win32
		{6EB9950A-B9E2-4FF5-AB69-DA21D5E0C73E}.Release|ARM.ActiveCfg = Release|ARM
		{6EB9950A-B9E2-4FF5-AB69-DA21D5E0C73E}.Release|ARM.Build.0 = Release|ARM
		{6EB9950A-B9E2-4FF5-AB69-DA21D5E0C73E}.Release|x64.ActiveCfg = Release|x64
		{6EB9950A-B9E2-4FF5-AB69-DA21D5E0C73E}.Release|x64.Build.0 = Release|x64
		{6EB9950A-B9E2-4FF5-AB69-DA21D5E0C73E}.Release|x86.ActiveCfg = Release|Win32
		{6EB9950A-B9E2-4FF5-AB69-DA21D5E0C73E}.Release|x86.Build.0 = Release|Win32
		{13FD614A-02D8-4596-B188-F7BD3660C73C}.Debug|Any CPU.ActiveCfg = Debug|Any CPU
		{13FD614A-02D8-4596-B188-F7BD3660C73C}.Debug|Any CPU.Build.0 = Debug|Any CPU
		{13FD614A-02D8-4596-B188-F7BD3660C73C}.Debug|ARM.ActiveCfg = Debug|Any CPU
		{13FD614A-02D8-4596-B188-F7BD3660C73C}.Debug|ARM.Build.0 = Debug|Any CPU
		{13FD614A-02D8-4596-B188-F7BD3660C73C}.Debug|x64.ActiveCfg = Debug|x64
		{13FD614A-02D8-4596-B188-F7BD3660C73C}.Debug|x64.Build.0 = Debug|x64
		{13FD614A-02D8-4596-B188-F7BD3660C73C}.Debug|x86.ActiveCfg = Debug|Any CPU
		{13FD614A-02D8-4596-B188-F7BD3660C73C}.Debug|x86.Build.0 = Debug|Any CPU
		{13FD614A-02D8-4596-B188-F7BD3660C73C}.Lle|Any CPU.ActiveCfg = Release|Any CPU
		{13FD614A-02D8-4596-B188-F7BD3660C73C}.Lle|Any CPU.Build.0 = Release|Any CPU
		{13FD614A-02D8-4596-B188-F7BD3660C73C}.Lle|ARM.ActiveCfg = Release|Any CPU
		{13FD614A-02D8-4596-B188-F7BD3660C73C}.Lle|ARM.Build.0 = Release|Any CPU
		{13FD614A-02D8-4596-B188-F7BD3660C73C}.Lle|x64.ActiveCfg = Release|x64
		{13FD614A-02D8-4596-B188-F7BD3660C73C}.Lle|x64.Build.0 = Release|x64
		{13FD614A-02D8-4596-B188-F7BD3660C73C}.Lle|x86.ActiveCfg = Release|Any CPU
		{13FD614A-02D8-4596-B188-F7BD3660C73C}.Lle|x86.Build.0 = Release|Any CPU
		{13FD614A-02D8-4596-B188-F7BD3660C73C}.Release|Any CPU.ActiveCfg = Release|Any CPU
		{13FD614A-02D8-4596-B188-F7BD3660C73C}.Release|Any CPU.Build.0 = Release|Any CPU
		{13FD614A-02D8-4596-B188-F7BD3660C73C}.Release|ARM.ActiveCfg = Release|Any CPU
		{13FD614A-02D8-4596-B188-F7BD3660C73C}.Release|ARM.Build.0 = Release|Any CPU
		{13FD614A-02D8-4596-B188-F7BD3660C73C}.Release|x64.ActiveCfg = Release|x64
		{13FD614A-02D8-4596-B188-F7BD3660C73C}.Release|x64.Build.0 = Release|x64
		{13FD614A-02D8-4596-B188-F7BD3660C73C}.Release|x86.ActiveCfg = Release|Any CPU
		{13FD614A-02D8-4596-B188-F7BD3660C73C}.Release|x86.Build.0 = Release|Any CPU
		{7EC6F7D3-2E04-4402-B835-AB906D42473E}.Debug|Any CPU.ActiveCfg = Debug|Any CPU
		{7EC6F7D3-2E04-4402-B835-AB906D42473E}.Debug|Any CPU.Build.0 = Debug|Any CPU
		{7EC6F7D3-2E04-4402-B835-AB906D42473E}.Debug|ARM.ActiveCfg = Debug|Any CPU
		{7EC6F7D3-2E04-4402-B835-AB906D42473E}.Debug|ARM.Build.0 = Debug|Any CPU
		{7EC6F7D3-2E04-4402-B835-AB906D42473E}.Debug|x64.ActiveCfg = Debug|x64
		{7EC6F7D3-2E04-4402-B835-AB906D42473E}.Debug|x64.Build.0 = Debug|x64
		{7EC6F7D3-2E04-4402-B835-AB906D42473E}.Debug|x86.ActiveCfg = Debug|Any CPU
		{7EC6F7D3-2E04-4402-B835-AB906D42473E}.Debug|x86.Build.0 = Debug|Any CPU
		{7EC6F7D3-2E04-4402-B835-AB906D42473E}.Lle|Any CPU.ActiveCfg = Release|Any CPU
		{7EC6F7D3-2E04-4402-B835-AB906D42473E}.Lle|Any CPU.Build.0 = Release|Any CPU
		{7EC6F7D3-2E04-4402-B835-AB906D42473E}.Lle|ARM.ActiveCfg = Release|Any CPU
		{7EC6F7D3-2E04-4402-B835-AB906D42473E}.Lle|ARM.Build.0 = Release|Any CPU
		{7EC6F7D3-2E04-4402-B835-AB906D42473E}.Lle|x64.ActiveCfg = Release|x64
		{7EC6F7D3-2E04-4402-B835-AB906D42473E}.Lle|x64.Build.0 = Release|x64
		{7EC6F7D3-2E04-4402-B835-AB906D42473E}.Lle|x86.ActiveCfg = Release|Any CPU
		{7EC6F7D3-2E04-4402-B835-AB906D42473E}.Lle|x86.Build.0 = Release|Any CPU
		{7EC6F7D3-2E04-4402-B835-AB906D42473E}.Release|Any CPU.ActiveCfg = Release|Any CPU
		{7EC6F7D3-2E04-4402-B835-AB906D42473E}.Release|Any CPU.Build.0 = Release|Any CPU
		{7EC6F7D3-2E04-4402-B835-AB906D42473E}.Release|ARM.ActiveCfg = Release|Any CPU
		{7EC6F7D3-2E04-4402-B835-AB906D42473E}.Release|ARM.Build.0 = Release|Any CPU
		{7EC6F7D3-2E04-4402-B835-AB906D42473E}.Release|x64.ActiveCfg = Release|x64
		{7EC6F7D3-2E04-4402-B835-AB906D42473E}.Release|x64.Build.0 = Release|x64
		{7EC6F7D3-2E04-4402-B835-AB906D42473E}.Release|x86.ActiveCfg = Release|Any CPU
		{7EC6F7D3-2E04-4402-B835-AB906D42473E}.Release|x86.Build.0 = Release|Any CPU
		{B386324F-D53F-4337-86C6-9766D8F57715}.Debug|Any CPU.ActiveCfg = Debug|Any CPU
		{B386324F-D53F-4337-86C6-9766D8F57715}.Debug|Any CPU.Build.0 = Debug|Any CPU
		{B386324F-D53F-4337-86C6-9766D8F57715}.Debug|ARM.ActiveCfg = Debug|Any CPU
		{B386324F-D53F-4337-86C6-9766D8F57715}.Debug|ARM.Build.0 = Debug|Any CPU
		{B386324F-D53F-4337-86C6-9766D8F57715}.Debug|x64.ActiveCfg = Debug|x64
		{B386324F-D53F-4337-86C6-9766D8F57715}.Debug|x64.Build.0 = Debug|x64
		{B386324F-D53F-4337-86C6-9766D8F57715}.Debug|x86.ActiveCfg = Debug|Any CPU
		{B386324F-D53F-4337-86C6-9766D8F57715}.Debug|x86.Build.0 = Debug|Any CPU
		{B386324F-D53F-4337-86C6-9766D8F57715}.Lle|Any CPU.ActiveCfg = Release|Any CPU
		{B386324F-D53F-4337-86C6-9766D8F57715}.Lle|Any CPU.Build.0 = Release|Any CPU
		{B386324F-D53F-4337-86C6-9766D8F57715}.Lle|ARM.ActiveCfg = Release|Any CPU
		{B386324F-D53F-4337-86C6-9766D8F57715}.Lle|ARM.Build.0 = Release|Any CPU
		{B386324F-D53F-4337-86C6-9766D8F57715}.Lle|x64.ActiveCfg = Release|x64
		{B386324F-D53F-4337-86C6-9766D8F57715}.Lle|x64.Build.0 = Release|x64
		{B386324F-D53F-4337-86C6-9766D8F57715}.Lle|x86.ActiveCfg = Release|Any CPU
		{B386324F-D53F-4337-86C6-9766D8F57715}.Lle|x86.Build.0 = Release|Any CPU
		{B386324F-D53F-4337-86C6-9766D8F57715}.Release|Any CPU.ActiveCfg = Release|Any CPU
		{B386324F-D53F-4337-86C6-9766D8F57715}.Release|Any CPU.Build.0 = Release|Any CPU
		{B386324F-D53F-4337-86C6-9766D8F57715}.Release|ARM.ActiveCfg = Release|Any CPU
		{B386324F-D53F-4337-86C6-9766D8F57715}.Release|ARM.Build.0 = Release|Any CPU
		{B386324F-D53F-4337-86C6-9766D8F57715}.Release|x64.ActiveCfg = Release|x64
		{B386324F-D53F-4337-86C6-9766D8F57715}.Release|x64.Build.0 = Release|x64
		{B386324F-D53F-4337-86C6-9766D8F57715}.Release|x86.ActiveCfg = Release|Any CPU
		{B386324F-D53F-4337-86C6-9766D8F57715}.Release|x86.Build.0 = Release|Any CPU
		{FB0FCAD4-A223-49C8-B9D7-67646780572C}.Debug|Any CPU.ActiveCfg = Debug|Any CPU
		{FB0FCAD4-A223-49C8-B9D7-67646780572C}.Debug|Any CPU.Build.0 = Debug|Any CPU
		{FB0FCAD4-A223-49C8-B9D7-67646780572C}.Debug|ARM.ActiveCfg = Debug|Any CPU
		{FB0FCAD4-A223-49C8-B9D7-67646780572C}.Debug|ARM.Build.0 = Debug|Any CPU
		{FB0FCAD4-A223-49C8-B9D7-67646780572C}.Debug|x64.ActiveCfg = Debug|x64
		{FB0FCAD4-A223-49C8-B9D7-67646780572C}.Debug|x64.Build.0 = Debug|x64
		{FB0FCAD4-A223-49C8-B9D7-67646780572C}.Debug|x86.ActiveCfg = Debug|Any CPU
		{FB0FCAD4-A223-49C8-B9D7-67646780572C}.Debug|x86.Build.0 = Debug|Any CPU
		{FB0FCAD4-A223-49C8-B9D7-67646780572C}.Lle|Any CPU.ActiveCfg = Release|Any CPU
		{FB0FCAD4-A223-49C8-B9D7-67646780572C}.Lle|Any CPU.Build.0 = Release|Any CPU
		{FB0FCAD4-A223-49C8-B9D7-67646780572C}.Lle|ARM.ActiveCfg = Release|Any CPU
		{FB0FCAD4-A223-49C8-B9D7-67646780572C}.Lle|ARM.Build.0 = Release|Any CPU
		{FB0FCAD4-A223-49C8-B9D7-67646780572C}.Lle|x64.ActiveCfg = Release|x64
		{FB0FCAD4-A223-49C8-B9D7-67646780572C}.Lle|x64.Build.0 = Release|x64
		{FB0FCAD4-A223-49C8-B9D7-67646780572C}.Lle|x86.ActiveCfg = Release|Any CPU
		{FB0FCAD4-A223-49C8-B9D7-67646780572C}.Lle|x86.Build.0 = Release|Any CPU
		{FB0FCAD4-A223-49C8-B9D7-67646780572C}.Release|Any CPU.ActiveCfg = Release|Any CPU
		{FB0FCAD4-A223-49C8-B9D7-67646780572C}.Release|Any CPU.Build.0 = Release|Any CPU
		{FB0FCAD4-A223-49C8-B9D7-67646780572C}.Release|ARM.ActiveCfg = Release|Any CPU
		{FB0FCAD4-A223-49C8-B9D7-67646780572C}.Release|ARM.Build.0 = Release|Any CPU
		{FB0FCAD4-A223-49C8-B9D7-67646780572C}.Release|x64.ActiveCfg = Release|x64
		{FB0FCAD4-A223-49C8-B9D7-67646780572C}.Release|x64.Build.0 = Release|x64
		{FB0FCAD4-A223-49C8-B9D7-67646780572C}.Release|x86.ActiveCfg = Release|Any CPU
		{FB0FCAD4-A223-49C8-B9D7-67646780572C}.Release|x86.Build.0 = Release|Any CPU
		{CF92BED2-DCE6-482F-BD40-5FFA731BBA79}.Debug|Any CPU.ActiveCfg = Debug|Any CPU
		{CF92BED2-DCE6-482F-BD40-5FFA731BBA79}.Debug|Any CPU.Build.0 = Debug|Any CPU
		{CF92BED2-DCE6-482F-BD40-5FFA731BBA79}.Debug|ARM.ActiveCfg = Debug|Any CPU
		{CF92BED2-DCE6-482F-BD40-5FFA731BBA79}.Debug|ARM.Build.0 = Debug|Any CPU
		{CF92BED2-DCE6-482F-BD40-5FFA731BBA79}.Debug|x64.ActiveCfg = Debug|x64
		{CF92BED2-DCE6-482F-BD40-5FFA731BBA79}.Debug|x64.Build.0 = Debug|x64
		{CF92BED2-DCE6-482F-BD40-5FFA731BBA79}.Debug|x86.ActiveCfg = Debug|Any CPU
		{CF92BED2-DCE6-482F-BD40-5FFA731BBA79}.Debug|x86.Build.0 = Debug|Any CPU
		{CF92BED2-DCE6-482F-BD40-5FFA731BBA79}.Lle|Any CPU.ActiveCfg = Release|Any CPU
		{CF92BED2-DCE6-482F-BD40-5FFA731BBA79}.Lle|Any CPU.Build.0 = Release|Any CPU
		{CF92BED2-DCE6-482F-BD40-5FFA731BBA79}.Lle|ARM.ActiveCfg = Release|Any CPU
		{CF92BED2-DCE6-482F-BD40-5FFA731BBA79}.Lle|ARM.Build.0 = Release|Any CPU
		{CF92BED2-DCE6-482F-BD40-5FFA731BBA79}.Lle|x64.ActiveCfg = Release|x64
		{CF92BED2-DCE6-482F-BD40-5FFA731BBA79}.Lle|x64.Build.0 = Release|x64
		{CF92BED2-DCE6-482F-BD40-5FFA731BBA79}.Lle|x86.ActiveCfg = Release|Any CPU
		{CF92BED2-DCE6-482F-BD40-5FFA731BBA79}.Lle|x86.Build.0 = Release|Any CPU
		{CF92BED2-DCE6-482F-BD40-5FFA731BBA79}.Release|Any CPU.ActiveCfg = Release|Any CPU
		{CF92BED2-DCE6-482F-BD40-5FFA731BBA79}.Release|Any CPU.Build.0 = Release|Any CPU
		{CF92BED2-DCE6-482F-BD40-5FFA731BBA79}.Release|ARM.ActiveCfg = Release|Any CPU
		{CF92BED2-DCE6-482F-BD40-5FFA731BBA79}.Release|ARM.Build.0 = Release|Any CPU
		{CF92BED2-DCE6-482F-BD40-5FFA731BBA79}.Release|x64.ActiveCfg = Release|x64
		{CF92BED2-DCE6-482F-BD40-5FFA731BBA79}.Release|x64.Build.0 = Release|x64
		{CF92BED2-DCE6-482F-BD40-5FFA731BBA79}.Release|x86.ActiveCfg = Release|Any CPU
		{CF92BED2-DCE6-482F-BD40-5FFA731BBA79}.Release|x86.Build.0 = Release|Any CPU
		{468ADEDE-6F5E-40C0-99C9-C6DAC4FAC934}.Debug|Any CPU.ActiveCfg = Debug|Any CPU
		{468ADEDE-6F5E-40C0-99C9-C6DAC4FAC934}.Debug|Any CPU.Build.0 = Debug|Any CPU
		{468ADEDE-6F5E-40C0-99C9-C6DAC4FAC934}.Debug|ARM.ActiveCfg = Debug|Any CPU
		{468ADEDE-6F5E-40C0-99C9-C6DAC4FAC934}.Debug|ARM.Build.0 = Debug|Any CPU
		{468ADEDE-6F5E-40C0-99C9-C6DAC4FAC934}.Debug|x64.ActiveCfg = Debug|x64
		{468ADEDE-6F5E-40C0-99C9-C6DAC4FAC934}.Debug|x64.Build.0 = Debug|x64
		{468ADEDE-6F5E-40C0-99C9-C6DAC4FAC934}.Debug|x86.ActiveCfg = Debug|Any CPU
		{468ADEDE-6F5E-40C0-99C9-C6DAC4FAC934}.Debug|x86.Build.0 = Debug|Any CPU
		{468ADEDE-6F5E-40C0-99C9-C6DAC4FAC934}.Lle|Any CPU.ActiveCfg = Release|Any CPU
		{468ADEDE-6F5E-40C0-99C9-C6DAC4FAC934}.Lle|Any CPU.Build.0 = Release|Any CPU
		{468ADEDE-6F5E-40C0-99C9-C6DAC4FAC934}.Lle|ARM.ActiveCfg = Release|Any CPU
		{468ADEDE-6F5E-40C0-99C9-C6DAC4FAC934}.Lle|ARM.Build.0 = Release|Any CPU
		{468ADEDE-6F5E-40C0-99C9-C6DAC4FAC934}.Lle|x64.ActiveCfg = Release|x64
		{468ADEDE-6F5E-40C0-99C9-C6DAC4FAC934}.Lle|x64.Build.0 = Release|x64
		{468ADEDE-6F5E-40C0-99C9-C6DAC4FAC934}.Lle|x86.ActiveCfg = Release|Any CPU
		{468ADEDE-6F5E-40C0-99C9-C6DAC4FAC934}.Lle|x86.Build.0 = Release|Any CPU
		{468ADEDE-6F5E-40C0-99C9-C6DAC4FAC934}.Release|Any CPU.ActiveCfg = Release|Any CPU
		{468ADEDE-6F5E-40C0-99C9-C6DAC4FAC934}.Release|Any CPU.Build.0 = Release|Any CPU
		{468ADEDE-6F5E-40C0-99C9-C6DAC4FAC934}.Release|ARM.ActiveCfg = Release|Any CPU
		{468ADEDE-6F5E-40C0-99C9-C6DAC4FAC934}.Release|ARM.Build.0 = Release|Any CPU
		{468ADEDE-6F5E-40C0-99C9-C6DAC4FAC934}.Release|x64.ActiveCfg = Release|x64
		{468ADEDE-6F5E-40C0-99C9-C6DAC4FAC934}.Release|x64.Build.0 = Release|x64
		{468ADEDE-6F5E-40C0-99C9-C6DAC4FAC934}.Release|x86.ActiveCfg = Release|Any CPU
		{468ADEDE-6F5E-40C0-99C9-C6DAC4FAC934}.Release|x86.Build.0 = Release|Any CPU
		{D3770977-4EE2-4DD6-B5C6-DFA8B92BAC12}.Debug|Any CPU.ActiveCfg = Debug|Any CPU
		{D3770977-4EE2-4DD6-B5C6-DFA8B92BAC12}.Debug|Any CPU.Build.0 = Debug|Any CPU
		{D3770977-4EE2-4DD6-B5C6-DFA8B92BAC12}.Debug|ARM.ActiveCfg = Debug|Any CPU
		{D3770977-4EE2-4DD6-B5C6-DFA8B92BAC12}.Debug|ARM.Build.0 = Debug|Any CPU
		{D3770977-4EE2-4DD6-B5C6-DFA8B92BAC12}.Debug|x64.ActiveCfg = Debug|Any CPU
		{D3770977-4EE2-4DD6-B5C6-DFA8B92BAC12}.Debug|x64.Build.0 = Debug|Any CPU
		{D3770977-4EE2-4DD6-B5C6-DFA8B92BAC12}.Debug|x86.ActiveCfg = Debug|Any CPU
		{D3770977-4EE2-4DD6-B5C6-DFA8B92BAC12}.Debug|x86.Build.0 = Debug|Any CPU
		{D3770977-4EE2-4DD6-B5C6-DFA8B92BAC12}.Lle|Any CPU.ActiveCfg = Release|Any CPU
		{D3770977-4EE2-4DD6-B5C6-DFA8B92BAC12}.Lle|Any CPU.Build.0 = Release|Any CPU
		{D3770977-4EE2-4DD6-B5C6-DFA8B92BAC12}.Lle|ARM.ActiveCfg = Release|Any CPU
		{D3770977-4EE2-4DD6-B5C6-DFA8B92BAC12}.Lle|ARM.Build.0 = Release|Any CPU
		{D3770977-4EE2-4DD6-B5C6-DFA8B92BAC12}.Lle|x64.ActiveCfg = Release|Any CPU
		{D3770977-4EE2-4DD6-B5C6-DFA8B92BAC12}.Lle|x64.Build.0 = Release|Any CPU
		{D3770977-4EE2-4DD6-B5C6-DFA8B92BAC12}.Lle|x86.ActiveCfg = Release|Any CPU
		{D3770977-4EE2-4DD6-B5C6-DFA8B92BAC12}.Lle|x86.Build.0 = Release|Any CPU
		{D3770977-4EE2-4DD6-B5C6-DFA8B92BAC12}.Release|Any CPU.ActiveCfg = Release|Any CPU
		{D3770977-4EE2-4DD6-B5C6-DFA8B92BAC12}.Release|Any CPU.Build.0 = Release|Any CPU
		{D3770977-4EE2-4DD6-B5C6-DFA8B92BAC12}.Release|ARM.ActiveCfg = Release|Any CPU
		{D3770977-4EE2-4DD6-B5C6-DFA8B92BAC12}.Release|ARM.Build.0 = Release|Any CPU
		{D3770977-4EE2-4DD6-B5C6-DFA8B92BAC12}.Release|x64.ActiveCfg = Release|Any CPU
		{D3770977-4EE2-4DD6-B5C6-DFA8B92BAC12}.Release|x64.Build.0 = Release|Any CPU
		{D3770977-4EE2-4DD6-B5C6-DFA8B92BAC12}.Release|x86.ActiveCfg = Release|Any CPU
		{D3770977-4EE2-4DD6-B5C6-DFA8B92BAC12}.Release|x86.Build.0 = Release|Any CPU
		{A7207963-1F6E-481A-B3EC-B52BC039B262}.Debug|Any CPU.ActiveCfg = Debug|Any CPU
		{A7207963-1F6E-481A-B3EC-B52BC039B262}.Debug|Any CPU.Build.0 = Debug|Any CPU
		{A7207963-1F6E-481A-B3EC-B52BC039B262}.Debug|ARM.ActiveCfg = Debug|Any CPU
		{A7207963-1F6E-481A-B3EC-B52BC039B262}.Debug|ARM.Build.0 = Debug|Any CPU
		{A7207963-1F6E-481A-B3EC-B52BC039B262}.Debug|x64.ActiveCfg = Debug|x64
		{A7207963-1F6E-481A-B3EC-B52BC039B262}.Debug|x64.Build.0 = Debug|x64
		{A7207963-1F6E-481A-B3EC-B52BC039B262}.Debug|x86.ActiveCfg = Debug|Any CPU
		{A7207963-1F6E-481A-B3EC-B52BC039B262}.Debug|x86.Build.0 = Debug|Any CPU
		{A7207963-1F6E-481A-B3EC-B52BC039B262}.Lle|Any CPU.ActiveCfg = Release|Any CPU
		{A7207963-1F6E-481A-B3EC-B52BC039B262}.Lle|Any CPU.Build.0 = Release|Any CPU
		{A7207963-1F6E-481A-B3EC-B52BC039B262}.Lle|ARM.ActiveCfg = Release|Any CPU
		{A7207963-1F6E-481A-B3EC-B52BC039B262}.Lle|ARM.Build.0 = Release|Any CPU
		{A7207963-1F6E-481A-B3EC-B52BC039B262}.Lle|x64.ActiveCfg = Release|x64
		{A7207963-1F6E-481A-B3EC-B52BC039B262}.Lle|x64.Build.0 = Release|x64
		{A7207963-1F6E-481A-B3EC-B52BC039B262}.Lle|x86.ActiveCfg = Release|Any CPU
		{A7207963-1F6E-481A-B3EC-B52BC039B262}.Lle|x86.Build.0 = Release|Any CPU
		{A7207963-1F6E-481A-B3EC-B52BC039B262}.Release|Any CPU.ActiveCfg = Release|Any CPU
		{A7207963-1F6E-481A-B3EC-B52BC039B262}.Release|Any CPU.Build.0 = Release|Any CPU
		{A7207963-1F6E-481A-B3EC-B52BC039B262}.Release|ARM.ActiveCfg = Release|Any CPU
		{A7207963-1F6E-481A-B3EC-B52BC039B262}.Release|ARM.Build.0 = Release|Any CPU
		{A7207963-1F6E-481A-B3EC-B52BC039B262}.Release|x64.ActiveCfg = Release|x64
		{A7207963-1F6E-481A-B3EC-B52BC039B262}.Release|x64.Build.0 = Release|x64
		{A7207963-1F6E-481A-B3EC-B52BC039B262}.Release|x86.ActiveCfg = Release|Any CPU
		{A7207963-1F6E-481A-B3EC-B52BC039B262}.Release|x86.Build.0 = Release|Any CPU
		{6F5BC482-3EF4-48C8-A084-9AA6A65D8D67}.Debug|Any CPU.ActiveCfg = Debug|Any CPU
		{6F5BC482-3EF4-48C8-A084-9AA6A65D8D67}.Debug|Any CPU.Build.0 = Debug|Any CPU
		{6F5BC482-3EF4-48C8-A084-9AA6A65D8D67}.Debug|ARM.ActiveCfg = Debug|Any CPU
		{6F5BC482-3EF4-48C8-A084-9AA6A65D8D67}.Debug|ARM.Build.0 = Debug|Any CPU
		{6F5BC482-3EF4-48C8-A084-9AA6A65D8D67}.Debug|x64.ActiveCfg = Debug|Any CPU
		{6F5BC482-3EF4-48C8-A084-9AA6A65D8D67}.Debug|x64.Build.0 = Debug|Any CPU
		{6F5BC482-3EF4-48C8-A084-9AA6A65D8D67}.Debug|x86.ActiveCfg = Debug|Any CPU
		{6F5BC482-3EF4-48C8-A084-9AA6A65D8D67}.Debug|x86.Build.0 = Debug|Any CPU
		{6F5BC482-3EF4-48C8-A084-9AA6A65D8D67}.Lle|Any CPU.ActiveCfg = Release|Any CPU
		{6F5BC482-3EF4-48C8-A084-9AA6A65D8D67}.Lle|Any CPU.Build.0 = Release|Any CPU
		{6F5BC482-3EF4-48C8-A084-9AA6A65D8D67}.Lle|ARM.ActiveCfg = Release|Any CPU
		{6F5BC482-3EF4-48C8-A084-9AA6A65D8D67}.Lle|ARM.Build.0 = Release|Any CPU
		{6F5BC482-3EF4-48C8-A084-9AA6A65D8D67}.Lle|x64.ActiveCfg = Release|Any CPU
		{6F5BC482-3EF4-48C8-A084-9AA6A65D8D67}.Lle|x64.Build.0 = Release|Any CPU
		{6F5BC482-3EF4-48C8-A084-9AA6A65D8D67}.Lle|x86.ActiveCfg = Release|Any CPU
		{6F5BC482-3EF4-48C8-A084-9AA6A65D8D67}.Lle|x86.Build.0 = Release|Any CPU
		{6F5BC482-3EF4-48C8-A084-9AA6A65D8D67}.Release|Any CPU.ActiveCfg = Release|Any CPU
		{6F5BC482-3EF4-48C8-A084-9AA6A65D8D67}.Release|Any CPU.Build.0 = Release|Any CPU
		{6F5BC482-3EF4-48C8-A084-9AA6A65D8D67}.Release|ARM.ActiveCfg = Release|Any CPU
		{6F5BC482-3EF4-48C8-A084-9AA6A65D8D67}.Release|ARM.Build.0 = Release|Any CPU
		{6F5BC482-3EF4-48C8-A084-9AA6A65D8D67}.Release|x64.ActiveCfg = Release|Any CPU
		{6F5BC482-3EF4-48C8-A084-9AA6A65D8D67}.Release|x64.Build.0 = Release|Any CPU
		{6F5BC482-3EF4-48C8-A084-9AA6A65D8D67}.Release|x86.ActiveCfg = Release|Any CPU
		{6F5BC482-3EF4-48C8-A084-9AA6A65D8D67}.Release|x86.Build.0 = Release|Any CPU
		{82558A98-D42F-4CDB-B443-D95CDC0849A8}.Debug|Any CPU.ActiveCfg = Debug|Any CPU
		{82558A98-D42F-4CDB-B443-D95CDC0849A8}.Debug|Any CPU.Build.0 = Debug|Any CPU
		{82558A98-D42F-4CDB-B443-D95CDC0849A8}.Debug|ARM.ActiveCfg = Debug|Any CPU
		{82558A98-D42F-4CDB-B443-D95CDC0849A8}.Debug|ARM.Build.0 = Debug|Any CPU
		{82558A98-D42F-4CDB-B443-D95CDC0849A8}.Debug|x64.ActiveCfg = Debug|x64
		{82558A98-D42F-4CDB-B443-D95CDC0849A8}.Debug|x64.Build.0 = Debug|x64
		{82558A98-D42F-4CDB-B443-D95CDC0849A8}.Debug|x86.ActiveCfg = Debug|Any CPU
		{82558A98-D42F-4CDB-B443-D95CDC0849A8}.Debug|x86.Build.0 = Debug|Any CPU
		{82558A98-D42F-4CDB-B443-D95CDC0849A8}.Lle|Any CPU.ActiveCfg = Release|Any CPU
		{82558A98-D42F-4CDB-B443-D95CDC0849A8}.Lle|Any CPU.Build.0 = Release|Any CPU
		{82558A98-D42F-4CDB-B443-D95CDC0849A8}.Lle|ARM.ActiveCfg = Release|Any CPU
		{82558A98-D42F-4CDB-B443-D95CDC0849A8}.Lle|ARM.Build.0 = Release|Any CPU
		{82558A98-D42F-4CDB-B443-D95CDC0849A8}.Lle|x64.ActiveCfg = Release|x64
		{82558A98-D42F-4CDB-B443-D95CDC0849A8}.Lle|x64.Build.0 = Release|x64
		{82558A98-D42F-4CDB-B443-D95CDC0849A8}.Lle|x86.ActiveCfg = Release|Any CPU
		{82558A98-D42F-4CDB-B443-D95CDC0849A8}.Lle|x86.Build.0 = Release|Any CPU
		{82558A98-D42F-4CDB-B443-D95CDC0849A8}.Release|Any CPU.ActiveCfg = Release|Any CPU
		{82558A98-D42F-4CDB-B443-D95CDC0849A8}.Release|Any CPU.Build.0 = Release|Any CPU
		{82558A98-D42F-4CDB-B443-D95CDC0849A8}.Release|ARM.ActiveCfg = Release|Any CPU
		{82558A98-D42F-4CDB-B443-D95CDC0849A8}.Release|ARM.Build.0 = Release|Any CPU
		{82558A98-D42F-4CDB-B443-D95CDC0849A8}.Release|x64.ActiveCfg = Release|x64
		{82558A98-D42F-4CDB-B443-D95CDC0849A8}.Release|x64.Build.0 = Release|x64
		{82558A98-D42F-4CDB-B443-D95CDC0849A8}.Release|x86.ActiveCfg = Release|Any CPU
		{82558A98-D42F-4CDB-B443-D95CDC0849A8}.Release|x86.Build.0 = Release|Any CPU
		{CCCB57C9-5383-42E0-B570-DEB149071B11}.Debug|Any CPU.ActiveCfg = Debug|Any CPU
		{CCCB57C9-5383-42E0-B570-DEB149071B11}.Debug|Any CPU.Build.0 = Debug|Any CPU
		{CCCB57C9-5383-42E0-B570-DEB149071B11}.Debug|ARM.ActiveCfg = Debug|Any CPU
		{CCCB57C9-5383-42E0-B570-DEB149071B11}.Debug|ARM.Build.0 = Debug|Any CPU
		{CCCB57C9-5383-42E0-B570-DEB149071B11}.Debug|x64.ActiveCfg = Debug|x64
		{CCCB57C9-5383-42E0-B570-DEB149071B11}.Debug|x64.Build.0 = Debug|x64
		{CCCB57C9-5383-42E0-B570-DEB149071B11}.Debug|x86.ActiveCfg = Debug|Any CPU
		{CCCB57C9-5383-42E0-B570-DEB149071B11}.Debug|x86.Build.0 = Debug|Any CPU
		{CCCB57C9-5383-42E0-B570-DEB149071B11}.Lle|Any CPU.ActiveCfg = Release|Any CPU
		{CCCB57C9-5383-42E0-B570-DEB149071B11}.Lle|Any CPU.Build.0 = Release|Any CPU
		{CCCB57C9-5383-42E0-B570-DEB149071B11}.Lle|ARM.ActiveCfg = Release|Any CPU
		{CCCB57C9-5383-42E0-B570-DEB149071B11}.Lle|ARM.Build.0 = Release|Any CPU
		{CCCB57C9-5383-42E0-B570-DEB149071B11}.Lle|x64.ActiveCfg = Release|x64
		{CCCB57C9-5383-42E0-B570-DEB149071B11}.Lle|x64.Build.0 = Release|x64
		{CCCB57C9-5383-42E0-B570-DEB149071B11}.Lle|x86.ActiveCfg = Release|Any CPU
		{CCCB57C9-5383-42E0-B570-DEB149071B11}.Lle|x86.Build.0 = Release|Any CPU
		{CCCB57C9-5383-42E0-B570-DEB149071B11}.Release|Any CPU.ActiveCfg = Release|Any CPU
		{CCCB57C9-5383-42E0-B570-DEB149071B11}.Release|Any CPU.Build.0 = Release|Any CPU
		{CCCB57C9-5383-42E0-B570-DEB149071B11}.Release|ARM.ActiveCfg = Release|Any CPU
		{CCCB57C9-5383-42E0-B570-DEB149071B11}.Release|ARM.Build.0 = Release|Any CPU
		{CCCB57C9-5383-42E0-B570-DEB149071B11}.Release|x64.ActiveCfg = Release|x64
		{CCCB57C9-5383-42E0-B570-DEB149071B11}.Release|x64.Build.0 = Release|x64
		{CCCB57C9-5383-42E0-B570-DEB149071B11}.Release|x86.ActiveCfg = Release|Any CPU
		{CCCB57C9-5383-42E0-B570-DEB149071B11}.Release|x86.Build.0 = Release|Any CPU
		{D9B1CB9E-254B-4872-9EF3-28BB93F187D7}.Debug|Any CPU.ActiveCfg = Debug|Any CPU
		{D9B1CB9E-254B-4872-9EF3-28BB93F187D7}.Debug|Any CPU.Build.0 = Debug|Any CPU
		{D9B1CB9E-254B-4872-9EF3-28BB93F187D7}.Debug|ARM.ActiveCfg = Debug|Any CPU
		{D9B1CB9E-254B-4872-9EF3-28BB93F187D7}.Debug|ARM.Build.0 = Debug|Any CPU
		{D9B1CB9E-254B-4872-9EF3-28BB93F187D7}.Debug|x64.ActiveCfg = Debug|x64
		{D9B1CB9E-254B-4872-9EF3-28BB93F187D7}.Debug|x64.Build.0 = Debug|x64
		{D9B1CB9E-254B-4872-9EF3-28BB93F187D7}.Debug|x86.ActiveCfg = Debug|Any CPU
		{D9B1CB9E-254B-4872-9EF3-28BB93F187D7}.Debug|x86.Build.0 = Debug|Any CPU
		{D9B1CB9E-254B-4872-9EF3-28BB93F187D7}.Lle|Any CPU.ActiveCfg = Release|Any CPU
		{D9B1CB9E-254B-4872-9EF3-28BB93F187D7}.Lle|Any CPU.Build.0 = Release|Any CPU
		{D9B1CB9E-254B-4872-9EF3-28BB93F187D7}.Lle|ARM.ActiveCfg = Release|Any CPU
		{D9B1CB9E-254B-4872-9EF3-28BB93F187D7}.Lle|ARM.Build.0 = Release|Any CPU
		{D9B1CB9E-254B-4872-9EF3-28BB93F187D7}.Lle|x64.ActiveCfg = Release|x64
		{D9B1CB9E-254B-4872-9EF3-28BB93F187D7}.Lle|x64.Build.0 = Release|x64
		{D9B1CB9E-254B-4872-9EF3-28BB93F187D7}.Lle|x86.ActiveCfg = Release|Any CPU
		{D9B1CB9E-254B-4872-9EF3-28BB93F187D7}.Lle|x86.Build.0 = Release|Any CPU
		{D9B1CB9E-254B-4872-9EF3-28BB93F187D7}.Release|Any CPU.ActiveCfg = Release|Any CPU
		{D9B1CB9E-254B-4872-9EF3-28BB93F187D7}.Release|Any CPU.Build.0 = Release|Any CPU
		{D9B1CB9E-254B-4872-9EF3-28BB93F187D7}.Release|ARM.ActiveCfg = Release|Any CPU
		{D9B1CB9E-254B-4872-9EF3-28BB93F187D7}.Release|ARM.Build.0 = Release|Any CPU
		{D9B1CB9E-254B-4872-9EF3-28BB93F187D7}.Release|x64.ActiveCfg = Release|x64
		{D9B1CB9E-254B-4872-9EF3-28BB93F187D7}.Release|x64.Build.0 = Release|x64
		{D9B1CB9E-254B-4872-9EF3-28BB93F187D7}.Release|x86.ActiveCfg = Release|Any CPU
		{D9B1CB9E-254B-4872-9EF3-28BB93F187D7}.Release|x86.Build.0 = Release|Any CPU
		{B2A76CD0-7485-48BC-AC6C-0E3CE9CEB13B}.Debug|Any CPU.ActiveCfg = Debug|Any CPU
		{B2A76CD0-7485-48BC-AC6C-0E3CE9CEB13B}.Debug|Any CPU.Build.0 = Debug|Any CPU
		{B2A76CD0-7485-48BC-AC6C-0E3CE9CEB13B}.Debug|ARM.ActiveCfg = Debug|Any CPU
		{B2A76CD0-7485-48BC-AC6C-0E3CE9CEB13B}.Debug|ARM.Build.0 = Debug|Any CPU
		{B2A76CD0-7485-48BC-AC6C-0E3CE9CEB13B}.Debug|x64.ActiveCfg = Debug|x64
		{B2A76CD0-7485-48BC-AC6C-0E3CE9CEB13B}.Debug|x64.Build.0 = Debug|x64
		{B2A76CD0-7485-48BC-AC6C-0E3CE9CEB13B}.Debug|x86.ActiveCfg = Debug|Any CPU
		{B2A76CD0-7485-48BC-AC6C-0E3CE9CEB13B}.Debug|x86.Build.0 = Debug|Any CPU
		{B2A76CD0-7485-48BC-AC6C-0E3CE9CEB13B}.Lle|Any CPU.ActiveCfg = Lle|Any CPU
		{B2A76CD0-7485-48BC-AC6C-0E3CE9CEB13B}.Lle|Any CPU.Build.0 = Lle|Any CPU
		{B2A76CD0-7485-48BC-AC6C-0E3CE9CEB13B}.Lle|ARM.ActiveCfg = Lle|Any CPU
		{B2A76CD0-7485-48BC-AC6C-0E3CE9CEB13B}.Lle|ARM.Build.0 = Lle|Any CPU
		{B2A76CD0-7485-48BC-AC6C-0E3CE9CEB13B}.Lle|x64.ActiveCfg = Lle|x64
		{B2A76CD0-7485-48BC-AC6C-0E3CE9CEB13B}.Lle|x64.Build.0 = Lle|x64
		{B2A76CD0-7485-48BC-AC6C-0E3CE9CEB13B}.Lle|x86.ActiveCfg = Lle|Any CPU
		{B2A76CD0-7485-48BC-AC6C-0E3CE9CEB13B}.Lle|x86.Build.0 = Lle|Any CPU
		{B2A76CD0-7485-48BC-AC6C-0E3CE9CEB13B}.Release|Any CPU.ActiveCfg = Release|Any CPU
		{B2A76CD0-7485-48BC-AC6C-0E3CE9CEB13B}.Release|Any CPU.Build.0 = Release|Any CPU
		{B2A76CD0-7485-48BC-AC6C-0E3CE9CEB13B}.Release|ARM.ActiveCfg = Release|Any CPU
		{B2A76CD0-7485-48BC-AC6C-0E3CE9CEB13B}.Release|ARM.Build.0 = Release|Any CPU
		{B2A76CD0-7485-48BC-AC6C-0E3CE9CEB13B}.Release|x64.ActiveCfg = Release|x64
		{B2A76CD0-7485-48BC-AC6C-0E3CE9CEB13B}.Release|x64.Build.0 = Release|x64
		{B2A76CD0-7485-48BC-AC6C-0E3CE9CEB13B}.Release|x86.ActiveCfg = Release|Any CPU
		{B2A76CD0-7485-48BC-AC6C-0E3CE9CEB13B}.Release|x86.Build.0 = Release|Any CPU
		{FA60E78F-6795-4A2F-8617-4AA116A796DC}.Debug|Any CPU.ActiveCfg = Debug|x86
		{FA60E78F-6795-4A2F-8617-4AA116A796DC}.Debug|Any CPU.Build.0 = Debug|x86
		{FA60E78F-6795-4A2F-8617-4AA116A796DC}.Debug|ARM.ActiveCfg = Debug|x86
		{FA60E78F-6795-4A2F-8617-4AA116A796DC}.Debug|x64.ActiveCfg = Debug|x86
		{FA60E78F-6795-4A2F-8617-4AA116A796DC}.Debug|x86.ActiveCfg = Debug|x86
		{FA60E78F-6795-4A2F-8617-4AA116A796DC}.Debug|x86.Build.0 = Debug|x86
		{FA60E78F-6795-4A2F-8617-4AA116A796DC}.Lle|Any CPU.ActiveCfg = Release|x86
		{FA60E78F-6795-4A2F-8617-4AA116A796DC}.Lle|Any CPU.Build.0 = Release|x86
		{FA60E78F-6795-4A2F-8617-4AA116A796DC}.Lle|ARM.ActiveCfg = Release|x86
		{FA60E78F-6795-4A2F-8617-4AA116A796DC}.Lle|ARM.Build.0 = Release|x86
		{FA60E78F-6795-4A2F-8617-4AA116A796DC}.Lle|x64.ActiveCfg = Release|x86
		{FA60E78F-6795-4A2F-8617-4AA116A796DC}.Lle|x64.Build.0 = Release|x86
		{FA60E78F-6795-4A2F-8617-4AA116A796DC}.Lle|x86.ActiveCfg = Release|x86
		{FA60E78F-6795-4A2F-8617-4AA116A796DC}.Lle|x86.Build.0 = Release|x86
		{FA60E78F-6795-4A2F-8617-4AA116A796DC}.Release|Any CPU.ActiveCfg = Release|x86
		{FA60E78F-6795-4A2F-8617-4AA116A796DC}.Release|ARM.ActiveCfg = Release|x86
		{FA60E78F-6795-4A2F-8617-4AA116A796DC}.Release|x64.ActiveCfg = Release|x86
		{FA60E78F-6795-4A2F-8617-4AA116A796DC}.Release|x86.ActiveCfg = Release|x86
		{FA60E78F-6795-4A2F-8617-4AA116A796DC}.Release|x86.Build.0 = Release|x86
		{33BAE679-6404-4AD8-8BCD-88EC960785A5}.Debug|Any CPU.ActiveCfg = Debug|Any CPU
		{33BAE679-6404-4AD8-8BCD-88EC960785A5}.Debug|Any CPU.Build.0 = Debug|Any CPU
		{33BAE679-6404-4AD8-8BCD-88EC960785A5}.Debug|ARM.ActiveCfg = Debug|Any CPU
		{33BAE679-6404-4AD8-8BCD-88EC960785A5}.Debug|ARM.Build.0 = Debug|Any CPU
		{33BAE679-6404-4AD8-8BCD-88EC960785A5}.Debug|x64.ActiveCfg = Debug|Any CPU
		{33BAE679-6404-4AD8-8BCD-88EC960785A5}.Debug|x64.Build.0 = Debug|Any CPU
		{33BAE679-6404-4AD8-8BCD-88EC960785A5}.Debug|x86.ActiveCfg = Debug|Any CPU
		{33BAE679-6404-4AD8-8BCD-88EC960785A5}.Debug|x86.Build.0 = Debug|Any CPU
		{33BAE679-6404-4AD8-8BCD-88EC960785A5}.Lle|Any CPU.ActiveCfg = Release|Any CPU
		{33BAE679-6404-4AD8-8BCD-88EC960785A5}.Lle|Any CPU.Build.0 = Release|Any CPU
		{33BAE679-6404-4AD8-8BCD-88EC960785A5}.Lle|ARM.ActiveCfg = Release|Any CPU
		{33BAE679-6404-4AD8-8BCD-88EC960785A5}.Lle|ARM.Build.0 = Release|Any CPU
		{33BAE679-6404-4AD8-8BCD-88EC960785A5}.Lle|x64.ActiveCfg = Release|Any CPU
		{33BAE679-6404-4AD8-8BCD-88EC960785A5}.Lle|x64.Build.0 = Release|Any CPU
		{33BAE679-6404-4AD8-8BCD-88EC960785A5}.Lle|x86.ActiveCfg = Release|Any CPU
		{33BAE679-6404-4AD8-8BCD-88EC960785A5}.Lle|x86.Build.0 = Release|Any CPU
		{33BAE679-6404-4AD8-8BCD-88EC960785A5}.Release|Any CPU.ActiveCfg = Release|Any CPU
		{33BAE679-6404-4AD8-8BCD-88EC960785A5}.Release|Any CPU.Build.0 = Release|Any CPU
		{33BAE679-6404-4AD8-8BCD-88EC960785A5}.Release|ARM.ActiveCfg = Release|Any CPU
		{33BAE679-6404-4AD8-8BCD-88EC960785A5}.Release|ARM.Build.0 = Release|Any CPU
		{33BAE679-6404-4AD8-8BCD-88EC960785A5}.Release|x64.ActiveCfg = Release|Any CPU
		{33BAE679-6404-4AD8-8BCD-88EC960785A5}.Release|x64.Build.0 = Release|Any CPU
		{33BAE679-6404-4AD8-8BCD-88EC960785A5}.Release|x86.ActiveCfg = Release|Any CPU
		{33BAE679-6404-4AD8-8BCD-88EC960785A5}.Release|x86.Build.0 = Release|Any CPU
		{8C4678E3-37BC-4365-B50E-12E08CCCBC0F}.Debug|Any CPU.ActiveCfg = Debug|Any CPU
		{8C4678E3-37BC-4365-B50E-12E08CCCBC0F}.Debug|Any CPU.Build.0 = Debug|Any CPU
		{8C4678E3-37BC-4365-B50E-12E08CCCBC0F}.Debug|ARM.ActiveCfg = Debug|Any CPU
		{8C4678E3-37BC-4365-B50E-12E08CCCBC0F}.Debug|ARM.Build.0 = Debug|Any CPU
		{8C4678E3-37BC-4365-B50E-12E08CCCBC0F}.Debug|x64.ActiveCfg = Debug|Any CPU
		{8C4678E3-37BC-4365-B50E-12E08CCCBC0F}.Debug|x64.Build.0 = Debug|Any CPU
		{8C4678E3-37BC-4365-B50E-12E08CCCBC0F}.Debug|x86.ActiveCfg = Debug|Any CPU
		{8C4678E3-37BC-4365-B50E-12E08CCCBC0F}.Debug|x86.Build.0 = Debug|Any CPU
		{8C4678E3-37BC-4365-B50E-12E08CCCBC0F}.Lle|Any CPU.ActiveCfg = Release|Any CPU
		{8C4678E3-37BC-4365-B50E-12E08CCCBC0F}.Lle|Any CPU.Build.0 = Release|Any CPU
		{8C4678E3-37BC-4365-B50E-12E08CCCBC0F}.Lle|ARM.ActiveCfg = Release|Any CPU
		{8C4678E3-37BC-4365-B50E-12E08CCCBC0F}.Lle|ARM.Build.0 = Release|Any CPU
		{8C4678E3-37BC-4365-B50E-12E08CCCBC0F}.Lle|x64.ActiveCfg = Release|Any CPU
		{8C4678E3-37BC-4365-B50E-12E08CCCBC0F}.Lle|x64.Build.0 = Release|Any CPU
		{8C4678E3-37BC-4365-B50E-12E08CCCBC0F}.Lle|x86.ActiveCfg = Release|Any CPU
		{8C4678E3-37BC-4365-B50E-12E08CCCBC0F}.Lle|x86.Build.0 = Release|Any CPU
		{8C4678E3-37BC-4365-B50E-12E08CCCBC0F}.Release|Any CPU.ActiveCfg = Release|Any CPU
		{8C4678E3-37BC-4365-B50E-12E08CCCBC0F}.Release|Any CPU.Build.0 = Release|Any CPU
		{8C4678E3-37BC-4365-B50E-12E08CCCBC0F}.Release|ARM.ActiveCfg = Release|Any CPU
		{8C4678E3-37BC-4365-B50E-12E08CCCBC0F}.Release|ARM.Build.0 = Release|Any CPU
		{8C4678E3-37BC-4365-B50E-12E08CCCBC0F}.Release|x64.ActiveCfg = Release|Any CPU
		{8C4678E3-37BC-4365-B50E-12E08CCCBC0F}.Release|x64.Build.0 = Release|Any CPU
		{8C4678E3-37BC-4365-B50E-12E08CCCBC0F}.Release|x86.ActiveCfg = Release|Any CPU
		{8C4678E3-37BC-4365-B50E-12E08CCCBC0F}.Release|x86.Build.0 = Release|Any CPU
	EndGlobalSection
	GlobalSection(SolutionProperties) = preSolution
		HideSolutionNode = FALSE
	EndGlobalSection
EndGlobal
